<?xml version="1.0"?>
<CONFIG>
  <ProjectOptions>
    <Version Value="9"/>
    <PathDelim Value="\"/>
    <General>
      <Flags>
        <MainUnitHasCreateFormStatements Value="False"/>
        <MainUnitHasTitleStatement Value="False"/>
      </Flags>
      <MainUnit Value="0"/>
      <ResourceType Value="res"/>
      <UseXPManifest Value="True"/>
      <Icon Value="0"/>
      <ActiveWindowIndexAtStart Value="0"/>
    </General>
    <i18n>
      <EnableI18N LFM="False"/>
    </i18n>
    <VersionInfo>
      <UseVersionInfo Value="True"/>
      <MajorVersionNr Value="1"/>
      <MinorVersionNr Value="1"/>
      <RevisionNr Value="3"/>
      <BuildNr Value="510"/>
      <StringTable CompanyName="Jim Valavanis" FileDescription="Doom to FreePascal Total Conversion" InternalName="GLDoom" OriginalFilename="gldoom32f.exe" ProductName="Doom 32 bit OpenGL engine" ProductVersion="1.0"/>
    </VersionInfo>
    <BuildModes Count="1" Active="Default">
      <Item1 Name="Default" Default="True"/>
    </BuildModes>
    <PublishOptions>
      <Version Value="2"/>
      <IncludeFileFilter Value="*.(pas|pp|inc|lfm|lpr|lrs|lpi|lpk|sh|xml)"/>
      <ExcludeFileFilter Value="*.(bak|ppu|o|so);*~;backup"/>
    </PublishOptions>
    <RunParams>
      <local>
        <FormatVersion Value="1"/>
        <CommandLineParams Value="-nofullscreen"/>
      </local>
    </RunParams>
    <Units Count="58">
      <Unit0>
        <Filename Value="gldoom32f.lpr"/>
        <IsPartOfProject Value="True"/>
        <UnitName Value="gldoom32f"/>
        <IsVisibleTab Value="True"/>
        <EditorIndex Value="0"/>
        <WindowIndex Value="0"/>
        <TopLine Value="1"/>
        <CursorPos X="17" Y="4"/>
        <UsageCount Value="22"/>
        <Loaded Value="True"/>
        <DefaultSyntaxHighlighter Value="Delphi"/>
      </Unit0>
      <Unit1>
        <Filename Value="FASTMM4\FastMM4.pas"/>
        <UnitName Value="FastMM4"/>
        <WindowIndex Value="0"/>
        <TopLine Value="663"/>
        <CursorPos X="16" Y="878"/>
        <UsageCount Value="10"/>
        <DefaultSyntaxHighlighter Value="Delphi"/>
      </Unit1>
      <Unit2>
        <Filename Value="FASTCODE\FastcodeCPUID.pas"/>
        <UnitName Value="FastcodeCPUID"/>
        <WindowIndex Value="0"/>
        <TopLine Value="1"/>
        <CursorPos X="11" Y="184"/>
        <UsageCount Value="10"/>
        <DefaultSyntaxHighlighter Value="Delphi"/>
      </Unit2>
      <Unit3>
        <Filename Value="Common\d_delphi.pas"/>
        <UnitName Value="d_delphi"/>
        <EditorIndex Value="11"/>
        <WindowIndex Value="0"/>
        <TopLine Value="2737"/>
        <CursorPos X="27" Y="2750"/>
        <UsageCount Value="10"/>
        <Loaded Value="True"/>
        <DefaultSyntaxHighlighter Value="Delphi"/>
      </Unit3>
      <Unit4>
        <Filename Value="Doom\dstrings.pas"/>
        <UnitName Value="dstrings"/>
        <WindowIndex Value="0"/>
        <TopLine Value="10"/>
        <CursorPos X="13" Y="27"/>
        <UsageCount Value="10"/>
        <DefaultSyntaxHighlighter Value="Delphi"/>
      </Unit4>
      <Unit5>
        <Filename Value="Doom32.inc"/>
        <WindowIndex Value="0"/>
        <TopLine Value="20"/>
        <CursorPos X="1" Y="42"/>
        <UsageCount Value="10"/>
        <DefaultSyntaxHighlighter Value="Delphi"/>
      </Unit5>
      <Unit6>
        <Filename Value="Doom\deh_main.pas"/>
        <UnitName Value="deh_main"/>
        <WindowIndex Value="0"/>
        <TopLine Value="1"/>
        <CursorPos X="1" Y="1"/>
        <UsageCount Value="10"/>
        <DefaultSyntaxHighlighter Value="Delphi"/>
      </Unit6>
      <Unit7>
        <Filename Value="Base\i_startup.pas"/>
        <UnitName Value="i_startup"/>
        <WindowIndex Value="0"/>
        <TopLine Value="37"/>
        <CursorPos X="13" Y="54"/>
        <UsageCount Value="10"/>
        <DefaultSyntaxHighlighter Value="Delphi"/>
      </Unit7>
      <Unit8>
        <Filename Value="Doom\sc_decorate.pas"/>
        <UnitName Value="sc_decorate"/>
        <WindowIndex Value="0"/>
        <TopLine Value="1"/>
        <CursorPos X="26" Y="18"/>
        <UsageCount Value="10"/>
        <DefaultSyntaxHighlighter Value="Delphi"/>
      </Unit8>
      <Unit9>
        <Filename Value="JPEGLIB\jpg_idctfst.pas"/>
        <UnitName Value="jpg_IDctFst"/>
        <WindowIndex Value="0"/>
        <TopLine Value="52"/>
        <CursorPos X="8" Y="67"/>
        <UsageCount Value="10"/>
        <DefaultSyntaxHighlighter Value="Delphi"/>
      </Unit9>
      <Unit10>
        <Filename Value="JPEGLIB\jpg_dct.pas"/>
        <UnitName Value="jpg_dct"/>
        <WindowIndex Value="0"/>
        <TopLine Value="67"/>
        <CursorPos X="1" Y="1"/>
        <UsageCount Value="10"/>
        <DefaultSyntaxHighlighter Value="Delphi"/>
      </Unit10>
      <Unit11>
        <Filename Value="JPEGLIB\jpg_utils.pas"/>
        <UnitName Value="jpg_utils"/>
        <WindowIndex Value="0"/>
        <TopLine Value="1"/>
        <CursorPos X="1" Y="1"/>
        <UsageCount Value="10"/>
        <DefaultSyntaxHighlighter Value="Delphi"/>
      </Unit11>
      <Unit12>
        <Filename Value="JPEGLIB\jpg_comapi.pas"/>
        <UnitName Value="jpg_COMapi"/>
        <WindowIndex Value="0"/>
        <TopLine Value="1"/>
        <CursorPos X="1" Y="1"/>
        <UsageCount Value="10"/>
        <DefaultSyntaxHighlighter Value="Delphi"/>
      </Unit12>
      <Unit13>
        <Filename Value="JPEGLIB\jpg_dapimin.pas"/>
        <UnitName Value="jpg_dAPImin"/>
        <WindowIndex Value="0"/>
        <TopLine Value="1"/>
        <CursorPos X="1" Y="1"/>
        <UsageCount Value="10"/>
        <DefaultSyntaxHighlighter Value="Delphi"/>
      </Unit13>
      <Unit14>
        <Filename Value="JPEGLIB\jpg_dapistd.pas"/>
        <UnitName Value="jpg_dAPIstd"/>
        <WindowIndex Value="0"/>
        <TopLine Value="1"/>
        <CursorPos X="7" Y="3"/>
        <UsageCount Value="10"/>
        <DefaultSyntaxHighlighter Value="Delphi"/>
      </Unit14>
      <Unit15>
        <Filename Value="JPEGLIB\jpg_dcoefct.pas"/>
        <UnitName Value="jpg_DCoefCt"/>
        <WindowIndex Value="0"/>
        <TopLine Value="1"/>
        <CursorPos X="1" Y="1"/>
        <UsageCount Value="10"/>
        <DefaultSyntaxHighlighter Value="Delphi"/>
      </Unit15>
      <Unit16>
        <Filename Value="JPEGLIB\jpg_dcolor.pas"/>
        <UnitName Value="jpg_dColor"/>
        <WindowIndex Value="0"/>
        <TopLine Value="1"/>
        <CursorPos X="1" Y="1"/>
        <UsageCount Value="10"/>
        <DefaultSyntaxHighlighter Value="Delphi"/>
      </Unit16>
      <Unit17>
        <Filename Value="JPEGLIB\jpg_ddctmgr.pas"/>
        <UnitName Value="jpg_dDctMgr"/>
        <WindowIndex Value="0"/>
        <TopLine Value="35"/>
        <CursorPos X="12" Y="55"/>
        <UsageCount Value="10"/>
        <DefaultSyntaxHighlighter Value="Delphi"/>
      </Unit17>
      <Unit18>
        <Filename Value="JPEGLIB\jpg_deferr.pas"/>
        <UnitName Value="jpg_defErr"/>
        <WindowIndex Value="0"/>
        <TopLine Value="1"/>
        <CursorPos X="1" Y="1"/>
        <UsageCount Value="10"/>
        <DefaultSyntaxHighlighter Value="Delphi"/>
      </Unit18>
      <Unit19>
        <Filename Value="JPEGLIB\jpg_dhuff.pas"/>
        <UnitName Value="jpg_dHuff"/>
        <WindowIndex Value="0"/>
        <TopLine Value="1"/>
        <CursorPos X="1" Y="1"/>
        <UsageCount Value="10"/>
        <DefaultSyntaxHighlighter Value="Delphi"/>
      </Unit19>
      <Unit20>
        <Filename Value="JPEGLIB\jpg_dinput.pas"/>
        <UnitName Value="jpg_dInput"/>
        <WindowIndex Value="0"/>
        <TopLine Value="1"/>
        <CursorPos X="1" Y="1"/>
        <UsageCount Value="10"/>
        <DefaultSyntaxHighlighter Value="Delphi"/>
      </Unit20>
      <Unit21>
        <Filename Value="JPEGLIB\jpg_dmainct.pas"/>
        <UnitName Value="jpg_dMainCt"/>
        <WindowIndex Value="0"/>
        <TopLine Value="1"/>
        <CursorPos X="1" Y="1"/>
        <UsageCount Value="10"/>
        <DefaultSyntaxHighlighter Value="Delphi"/>
      </Unit21>
      <Unit22>
        <Filename Value="JPEGLIB\jpg_dmarker.pas"/>
        <UnitName Value="jpg_dMarker"/>
        <WindowIndex Value="0"/>
        <TopLine Value="1"/>
        <CursorPos X="1" Y="1"/>
        <UsageCount Value="10"/>
        <DefaultSyntaxHighlighter Value="Delphi"/>
      </Unit22>
      <Unit23>
        <Filename Value="JPEGLIB\jpg_dmaster.pas"/>
        <UnitName Value="jpg_dMaster"/>
        <WindowIndex Value="0"/>
        <TopLine Value="1"/>
        <CursorPos X="1" Y="1"/>
        <UsageCount Value="10"/>
        <DefaultSyntaxHighlighter Value="Delphi"/>
      </Unit23>
      <Unit24>
        <Filename Value="JPEGLIB\jpg_dmerge.pas"/>
        <UnitName Value="jpg_dMerge"/>
        <WindowIndex Value="0"/>
        <TopLine Value="1"/>
        <CursorPos X="1" Y="1"/>
        <UsageCount Value="10"/>
        <DefaultSyntaxHighlighter Value="Delphi"/>
      </Unit24>
      <Unit25>
        <Filename Value="JPEGLIB\jpg_dphuff.pas"/>
        <UnitName Value="jpg_dpHuff"/>
        <WindowIndex Value="0"/>
        <TopLine Value="1"/>
        <CursorPos X="1" Y="1"/>
        <UsageCount Value="10"/>
        <DefaultSyntaxHighlighter Value="Delphi"/>
      </Unit25>
      <Unit26>
        <Filename Value="JPEGLIB\jpg_dpostct.pas"/>
        <UnitName Value="jpg_dPostCt"/>
        <WindowIndex Value="0"/>
        <TopLine Value="1"/>
        <CursorPos X="1" Y="1"/>
        <UsageCount Value="10"/>
        <DefaultSyntaxHighlighter Value="Delphi"/>
      </Unit26>
      <Unit27>
        <Filename Value="JPEGLIB\jpg_dsample.pas"/>
        <UnitName Value="jpg_dSample"/>
        <WindowIndex Value="0"/>
        <TopLine Value="1"/>
        <CursorPos X="1" Y="1"/>
        <UsageCount Value="10"/>
        <DefaultSyntaxHighlighter Value="Delphi"/>
      </Unit27>
      <Unit28>
        <Filename Value="JPEGLIB\jpg_error.pas"/>
        <UnitName Value="jpg_error"/>
        <WindowIndex Value="0"/>
        <TopLine Value="1"/>
        <CursorPos X="1" Y="1"/>
        <UsageCount Value="10"/>
        <DefaultSyntaxHighlighter Value="Delphi"/>
      </Unit28>
      <Unit29>
        <Filename Value="JPEGLIB\jpg_idctint.pas"/>
        <UnitName Value="jpg_IDctint"/>
        <WindowIndex Value="0"/>
        <TopLine Value="559"/>
        <CursorPos X="23" Y="570"/>
        <UsageCount Value="10"/>
        <DefaultSyntaxHighlighter Value="Delphi"/>
      </Unit29>
      <Unit30>
        <Filename Value="JPEGLIB\jpg_idctflt.pas"/>
        <UnitName Value="jpg_IDctFlt"/>
        <WindowIndex Value="0"/>
        <TopLine Value="1"/>
        <CursorPos X="1" Y="1"/>
        <UsageCount Value="10"/>
        <DefaultSyntaxHighlighter Value="Delphi"/>
      </Unit30>
      <Unit31>
        <Filename Value="JPEGLIB\jpg_IDctRed.pas"/>
        <UnitName Value="jpg_IDctRed"/>
        <WindowIndex Value="0"/>
        <TopLine Value="1"/>
        <CursorPos X="1" Y="1"/>
        <UsageCount Value="10"/>
        <DefaultSyntaxHighlighter Value="Delphi"/>
      </Unit31>
      <Unit32>
        <Filename Value="JPEGLIB\jpg_lib.pas"/>
        <UnitName Value="jpg_Lib"/>
        <WindowIndex Value="0"/>
        <TopLine Value="1"/>
        <CursorPos X="1" Y="1"/>
        <UsageCount Value="10"/>
        <DefaultSyntaxHighlighter Value="Delphi"/>
      </Unit32>
      <Unit33>
        <Filename Value="JPEGLIB\jpg_memmgr.pas"/>
        <UnitName Value="jpg_MemMgr"/>
        <WindowIndex Value="0"/>
        <TopLine Value="1"/>
        <CursorPos X="1" Y="1"/>
        <UsageCount Value="10"/>
        <DefaultSyntaxHighlighter Value="Delphi"/>
      </Unit33>
      <Unit34>
        <Filename Value="JPEGLIB\jpg_memnobs.pas"/>
        <UnitName Value="jpg_memnobs"/>
        <WindowIndex Value="0"/>
        <TopLine Value="1"/>
        <CursorPos X="1" Y="1"/>
        <UsageCount Value="10"/>
        <DefaultSyntaxHighlighter Value="Delphi"/>
      </Unit34>
      <Unit35>
        <Filename Value="JPEGLIB\jpg_morecfg.pas"/>
        <UnitName Value="jpg_moreCfg"/>
        <WindowIndex Value="0"/>
        <TopLine Value="1"/>
        <CursorPos X="1" Y="1"/>
        <UsageCount Value="10"/>
        <DefaultSyntaxHighlighter Value="Delphi"/>
      </Unit35>
      <Unit36>
        <Filename Value="JPEGLIB\jpg_quant1.pas"/>
        <UnitName Value="jpg_Quant1"/>
        <WindowIndex Value="0"/>
        <TopLine Value="1"/>
        <CursorPos X="1" Y="1"/>
        <UsageCount Value="10"/>
        <DefaultSyntaxHighlighter Value="Delphi"/>
      </Unit36>
      <Unit37>
        <Filename Value="JPEGLIB\jpg_quant2.pas"/>
        <UnitName Value="jpg_Quant2"/>
        <WindowIndex Value="0"/>
        <TopLine Value="1"/>
        <CursorPos X="1" Y="1"/>
        <UsageCount Value="10"/>
        <DefaultSyntaxHighlighter Value="Delphi"/>
      </Unit37>
      <Unit38>
        <Filename Value="Common\DirectX.pas"/>
        <UnitName Value="DirectX"/>
        <WindowIndex Value="0"/>
        <TopLine Value="1"/>
        <CursorPos X="38" Y="8"/>
        <UsageCount Value="10"/>
        <DefaultSyntaxHighlighter Value="Delphi"/>
      </Unit38>
      <Unit39>
        <Filename Value="Base\i_io.pas"/>
        <UnitName Value="i_io"/>
        <EditorIndex Value="5"/>
        <WindowIndex Value="0"/>
        <TopLine Value="120"/>
        <CursorPos X="29" Y="125"/>
        <UsageCount Value="10"/>
        <Loaded Value="True"/>
        <DefaultSyntaxHighlighter Value="Delphi"/>
      </Unit39>
      <Unit40>
        <Filename Value="Doom\st_lib.pas"/>
        <UnitName Value="st_lib"/>
        <WindowIndex Value="0"/>
        <TopLine Value="1"/>
        <CursorPos X="1" Y="1"/>
        <UsageCount Value="10"/>
        <DefaultSyntaxHighlighter Value="Delphi"/>
      </Unit40>
      <Unit41>
        <Filename Value="Doom\d_main.pas"/>
        <UnitName Value="d_main"/>
        <EditorIndex Value="6"/>
        <WindowIndex Value="0"/>
        <TopLine Value="1372"/>
        <CursorPos X="85" Y="1385"/>
        <UsageCount Value="10"/>
        <Loaded Value="True"/>
        <DefaultSyntaxHighlighter Value="Delphi"/>
      </Unit41>
      <Unit42>
        <Filename Value="Doom\m_defs.pas"/>
        <UnitName Value="m_defs"/>
        <EditorIndex Value="12"/>
        <WindowIndex Value="0"/>
        <TopLine Value="110"/>
        <CursorPos X="1" Y="132"/>
        <UsageCount Value="10"/>
        <Loaded Value="True"/>
        <DefaultSyntaxHighlighter Value="Delphi"/>
      </Unit42>
      <Unit43>
        <Filename Value="Doom\i_system.pas"/>
        <UnitName Value="i_system"/>
        <EditorIndex Value="14"/>
        <WindowIndex Value="0"/>
        <TopLine Value="410"/>
        <CursorPos X="37" Y="414"/>
        <UsageCount Value="10"/>
        <Loaded Value="True"/>
        <DefaultSyntaxHighlighter Value="Delphi"/>
      </Unit43>
      <Unit44>
        <Filename Value="TEXLIB\t_png.pas"/>
        <UnitName Value="t_png"/>
        <WindowIndex Value="0"/>
        <TopLine Value="1"/>
        <CursorPos X="26" Y="18"/>
        <UsageCount Value="10"/>
        <DefaultSyntaxHighlighter Value="Delphi"/>
      </Unit44>
      <Unit45>
        <Filename Value="ZLIB\z_files.pas"/>
        <UnitName Value="z_files"/>
        <WindowIndex Value="0"/>
        <TopLine Value="1"/>
        <CursorPos X="1" Y="1"/>
        <UsageCount Value="10"/>
        <DefaultSyntaxHighlighter Value="Delphi"/>
      </Unit45>
      <Unit46>
        <Filename Value="OPENGL\gl_shadows.pas"/>
        <UnitName Value="gl_shadows"/>
        <EditorIndex Value="4"/>
        <WindowIndex Value="0"/>
        <TopLine Value="1"/>
        <CursorPos X="39" Y="6"/>
        <UsageCount Value="10"/>
        <Loaded Value="True"/>
        <DefaultSyntaxHighlighter Value="Delphi"/>
      </Unit46>
      <Unit47>
        <Filename Value="Doom\doomtype.pas"/>
        <UnitName Value="doomtype"/>
        <EditorIndex Value="10"/>
        <WindowIndex Value="0"/>
        <TopLine Value="1"/>
        <CursorPos X="17" Y="8"/>
        <UsageCount Value="10"/>
        <Loaded Value="True"/>
        <DefaultSyntaxHighlighter Value="Delphi"/>
      </Unit47>
      <Unit48>
        <Filename Value="Doom\d_textur.pas"/>
        <UnitName Value="d_textur"/>
        <EditorIndex Value="3"/>
        <WindowIndex Value="0"/>
        <TopLine Value="1"/>
        <CursorPos X="1" Y="1"/>
        <UsageCount Value="10"/>
        <Loaded Value="True"/>
        <DefaultSyntaxHighlighter Value="Delphi"/>
      </Unit48>
      <Unit49>
        <Filename Value="TEXLIB\t_main.pas"/>
        <UnitName Value="t_main"/>
        <EditorIndex Value="1"/>
        <WindowIndex Value="0"/>
        <TopLine Value="195"/>
        <CursorPos X="1" Y="220"/>
        <UsageCount Value="10"/>
        <Loaded Value="True"/>
        <DefaultSyntaxHighlighter Value="Delphi"/>
      </Unit49>
      <Unit50>
        <Filename Value="MP3LIB\mp3_OBuffer_Wave.pas"/>
        <UnitName Value="mp3_OBuffer_Wave"/>
        <WindowIndex Value="0"/>
        <TopLine Value="1"/>
        <CursorPos X="26" Y="219"/>
        <UsageCount Value="10"/>
        <DefaultSyntaxHighlighter Value="Delphi"/>
      </Unit50>
      <Unit51>
        <Filename Value="ddmd2.dpr"/>
        <UnitName Value="ddmd2"/>
        <WindowIndex Value="0"/>
        <TopLine Value="58"/>
        <CursorPos X="7" Y="71"/>
        <UsageCount Value="10"/>
        <DefaultSyntaxHighlighter Value="Delphi"/>
      </Unit51>
      <Unit52>
        <Filename Value="gldoom32f.lpi"/>
        <WindowIndex Value="0"/>
        <TopLine Value="447"/>
        <CursorPos X="1" Y="471"/>
        <UsageCount Value="10"/>
        <DefaultSyntaxHighlighter Value="XML"/>
      </Unit52>
      <Unit53>
        <Filename Value="Doom\info.pas"/>
        <UnitName Value="info"/>
        <EditorIndex Value="2"/>
        <WindowIndex Value="0"/>
        <TopLine Value="15727"/>
        <CursorPos X="17" Y="15740"/>
        <UsageCount Value="10"/>
        <Loaded Value="True"/>
        <DefaultSyntaxHighlighter Value="Delphi"/>
      </Unit53>
      <Unit54>
        <Filename Value="OPENGL\gl_clipper.pas"/>
        <UnitName Value="gl_clipper"/>
        <EditorIndex Value="13"/>
        <WindowIndex Value="0"/>
        <TopLine Value="135"/>
        <CursorPos X="35" Y="139"/>
        <UsageCount Value="10"/>
        <Loaded Value="True"/>
        <DefaultSyntaxHighlighter Value="Delphi"/>
      </Unit54>
      <Unit55>
        <Filename Value="Doom\r_things.pas"/>
        <UnitName Value="r_things"/>
        <EditorIndex Value="7"/>
        <WindowIndex Value="0"/>
        <TopLine Value="986"/>
        <CursorPos X="23" Y="990"/>
        <UsageCount Value="10"/>
        <Loaded Value="True"/>
        <DefaultSyntaxHighlighter Value="Delphi"/>
      </Unit55>
      <Unit56>
        <Filename Value="Doom\r_main.pas"/>
        <UnitName Value="r_main"/>
        <EditorIndex Value="8"/>
        <WindowIndex Value="0"/>
        <TopLine Value="535"/>
        <CursorPos X="1" Y="548"/>
        <UsageCount Value="10"/>
        <Loaded Value="True"/>
        <DefaultSyntaxHighlighter Value="Delphi"/>
      </Unit56>
      <Unit57>
        <Filename Value="Doom\tables.pas"/>
        <UnitName Value="tables"/>
        <EditorIndex Value="9"/>
        <WindowIndex Value="0"/>
        <TopLine Value="2168"/>
        <CursorPos X="1" Y="2190"/>
        <UsageCount Value="10"/>
        <Loaded Value="True"/>
        <DefaultSyntaxHighlighter Value="Delphi"/>
      </Unit57>
    </Units>
    <JumpHistory Count="30" HistoryIndex="29">
      <Position1>
        <Filename Value="Doom\r_main.pas"/>
        <Caret Line="463" Column="1" TopLine="457"/>
      </Position1>
      <Position2>
        <Filename Value="Doom\r_main.pas"/>
        <Caret Line="465" Column="1" TopLine="457"/>
      </Position2>
      <Position3>
        <Filename Value="Doom\r_main.pas"/>
        <Caret Line="471" Column="1" TopLine="457"/>
      </Position3>
      <Position4>
        <Filename Value="Doom\r_main.pas"/>
        <Caret Line="474" Column="1" TopLine="457"/>
      </Position4>
      <Position5>
        <Filename Value="Doom\r_main.pas"/>
        <Caret Line="493" Column="1" TopLine="481"/>
      </Position5>
      <Position6>
        <Filename Value="Doom\r_main.pas"/>
        <Caret Line="494" Column="1" TopLine="481"/>
      </Position6>
      <Position7>
        <Filename Value="Doom\r_main.pas"/>
        <Caret Line="497" Column="1" TopLine="481"/>
      </Position7>
      <Position8>
        <Filename Value="Doom\tables.pas"/>
        <Caret Line="2181" Column="1" TopLine="2168"/>
      </Position8>
      <Position9>
        <Filename Value="Doom\tables.pas"/>
        <Caret Line="2182" Column="1" TopLine="2168"/>
      </Position9>
      <Position10>
        <Filename Value="Doom\tables.pas"/>
        <Caret Line="2184" Column="32" TopLine="2168"/>
      </Position10>
      <Position11>
        <Filename Value="Doom\tables.pas"/>
        <Caret Line="2187" Column="1" TopLine="2168"/>
      </Position11>
      <Position12>
        <Filename Value="Doom\tables.pas"/>
        <Caret Line="2190" Column="1" TopLine="2168"/>
      </Position12>
      <Position13>
        <Filename Value="Doom\r_main.pas"/>
        <Caret Line="498" Column="1" TopLine="481"/>
      </Position13>
      <Position14>
        <Filename Value="Doom\r_main.pas"/>
        <Caret Line="548" Column="1" TopLine="535"/>
      </Position14>
      <Position15>
        <Filename Value="Doom\r_things.pas"/>
        <Caret Line="994" Column="1" TopLine="988"/>
      </Position15>
      <Position16>
        <Filename Value="Doom\r_things.pas"/>
        <Caret Line="995" Column="6" TopLine="988"/>
      </Position16>
      <Position17>
        <Filename Value="Doom\r_things.pas"/>
        <Caret Line="1006" Column="29" TopLine="988"/>
      </Position17>
      <Position18>
        <Filename Value="Doom\r_things.pas"/>
        <Caret Line="1007" Column="1" TopLine="988"/>
      </Position18>
      <Position19>
        <Filename Value="Doom\r_things.pas"/>
        <Caret Line="1010" Column="47" TopLine="1008"/>
      </Position19>
      <Position20>
        <Filename Value="Doom\r_things.pas"/>
        <Caret Line="1013" Column="1" TopLine="1008"/>
      </Position20>
      <Position21>
        <Filename Value="Doom\r_things.pas"/>
        <Caret Line="1016" Column="1" TopLine="1008"/>
      </Position21>
      <Position22>
        <Filename Value="Doom\r_things.pas"/>
        <Caret Line="1017" Column="1" TopLine="1008"/>
      </Position22>
      <Position23>
        <Filename Value="Doom\r_things.pas"/>
        <Caret Line="1021" Column="1" TopLine="1008"/>
      </Position23>
      <Position24>
        <Filename Value="Doom\r_things.pas"/>
        <Caret Line="1023" Column="1" TopLine="1008"/>
      </Position24>
      <Position25>
        <Filename Value="Doom\r_things.pas"/>
        <Caret Line="1027" Column="1" TopLine="1008"/>
      </Position25>
      <Position26>
        <Filename Value="Doom\r_things.pas"/>
        <Caret Line="1028" Column="1" TopLine="1008"/>
      </Position26>
      <Position27>
        <Filename Value="Doom\r_things.pas"/>
        <Caret Line="1029" Column="1" TopLine="1008"/>
      </Position27>
      <Position28>
        <Filename Value="Doom\r_things.pas"/>
        <Caret Line="1030" Column="1" TopLine="1009"/>
      </Position28>
      <Position29>
        <Filename Value="Doom\r_things.pas"/>
        <Caret Line="993" Column="1" TopLine="980"/>
      </Position29>
      <Position30>
        <Filename Value="Doom\r_things.pas"/>
        <Caret Line="927" Column="58" TopLine="900"/>
      </Position30>
    </JumpHistory>
  </ProjectOptions>
  <CompilerOptions>
    <Version Value="11"/>
    <PathDelim Value="\"/>
    <Target>
      <Filename Value="..\bin\doom\gldoom32f"/>
    </Target>
    <SearchPaths>
      <IncludeFiles Value="$(ProjOutDir)"/>
      <UnitOutputDirectory Value="lib\$(TargetCPU)-$(TargetOS)"/>
    </SearchPaths>
    <Parsing>
      <SyntaxOptions>
        <SyntaxMode Value="Delphi"/>
      </SyntaxOptions>
    </Parsing>
    <CodeGeneration>
      <SmartLinkUnit Value="True"/>
      <TargetProcessor Value="pentium4"/>
      <TargetCPU Value="i386"/>
      <TargetOS Value="win32"/>
      <Optimizations>
        <OptimizationLevel Value="3"/>
      </Optimizations>
    </CodeGeneration>
    <Linking>
      <Debugging>
        <UseValgrind Value="True"/>
        <StripSymbols Value="True"/>
        <UseExternalDbgSyms Value="True"/>
      </Debugging>
      <LinkSmart Value="True"/>
      <Options>
        <Win32>
          <GraphicApplication Value="True"/>
        </Win32>
      </Options>
    </Linking>
    <Other>
      <CompilerMessages>
        <UseMsgFile Value="True"/>
      </CompilerMessages>
      <CustomOptions Value="-dOPENGL -dDOOM"/>
      <CompilerPath Value="$(CompPath) "/>
    </Other>
  </CompilerOptions>
  <Debugging>
    <BreakPoints Count="1">
      <Item1>
        <Kind Value="bpkSource"/>
        <WatchScope Value="wpsLocal"/>
        <WatchKind Value="wpkWrite"/>
        <Source Value="Doom\r_things.pas"/>
        <Line Value="993"/>
      </Item1>
    </BreakPoints>
    <Watches Count="5">
      <Item1>
        <Expression Value="firstspritelump"/>
      </Item1>
      <Item2>
        <Expression Value="lump"/>
      </Item2>
      <Item3>
        <Expression Value="rot"/>
      </Item3>
      <Item4>
        <Expression Value="thing.x"/>
      </Item4>
      <Item5>
        <Expression Value="thing.y"/>
      </Item5>
    </Watches>
    <Exceptions Count="3">
      <Item1>
        <Name Value="EAbort"/>
      </Item1>
      <Item2>
        <Name Value="ECodetoolError"/>
      </Item2>
      <Item3>
        <Name Value="EFOpenError"/>
      </Item3>
    </Exceptions>
  </Debugging>
</CONFIG>
