<?xml version="1.0"?>
<CONFIG>
  <ProjectOptions>
    <Version Value="9"/>
    <PathDelim Value="\"/>
    <General>
      <MainUnit Value="0"/>
      <ResourceType Value="res"/>
      <UseXPManifest Value="True"/>
      <Icon Value="0"/>
      <ActiveWindowIndexAtStart Value="0"/>
    </General>
    <i18n>
      <EnableI18N LFM="False"/>
    </i18n>
    <VersionInfo>
      <StringTable ProductVersion=""/>
    </VersionInfo>
    <BuildModes Count="1" Active="Default">
      <Item1 Name="Default" Default="True"/>
    </BuildModes>
    <PublishOptions>
      <Version Value="2"/>
      <IncludeFileFilter Value="*.(pas|pp|inc|lfm|lpr|lrs|lpi|lpk|sh|xml)"/>
      <ExcludeFileFilter Value="*.(bak|ppu|o|so);*~;backup"/>
    </PublishOptions>
    <RunParams>
      <local>
        <FormatVersion Value="1"/>
      </local>
    </RunParams>
    <RequiredPackages Count="1">
      <Item1>
        <PackageName Value="LCL"/>
      </Item1>
    </RequiredPackages>
    <Units Count="2">
      <Unit0>
        <Filename Value="MD2_MODELDEF.lpr"/>
        <IsPartOfProject Value="True"/>
        <UnitName Value="MD2_MODELDEF"/>
        <UsageCount Value="21"/>
      </Unit0>
      <Unit1>
        <Filename Value="unit1.pas"/>
        <IsPartOfProject Value="True"/>
        <ComponentName Value="Form1"/>
        <HasResources Value="True"/>
        <ResourceBaseClass Value="Form"/>
        <UnitName Value="Unit1"/>
        <IsVisibleTab Value="True"/>
        <EditorIndex Value="0"/>
        <WindowIndex Value="0"/>
        <TopLine Value="191"/>
        <CursorPos X="64" Y="199"/>
        <UsageCount Value="21"/>
        <Loaded Value="True"/>
        <LoadedDesigner Value="True"/>
      </Unit1>
    </Units>
    <JumpHistory Count="30" HistoryIndex="29">
      <Position1>
        <Filename Value="unit1.pas"/>
        <Caret Line="92" Column="24" TopLine="82"/>
      </Position1>
      <Position2>
        <Filename Value="unit1.pas"/>
        <Caret Line="93" Column="24" TopLine="83"/>
      </Position2>
      <Position3>
        <Filename Value="unit1.pas"/>
        <Caret Line="94" Column="24" TopLine="84"/>
      </Position3>
      <Position4>
        <Filename Value="unit1.pas"/>
        <Caret Line="95" Column="24" TopLine="85"/>
      </Position4>
      <Position5>
        <Filename Value="unit1.pas"/>
        <Caret Line="102" Column="24" TopLine="87"/>
      </Position5>
      <Position6>
        <Filename Value="unit1.pas"/>
        <Caret Line="99" Column="19" TopLine="88"/>
      </Position6>
      <Position7>
        <Filename Value="unit1.pas"/>
        <Caret Line="110" Column="1" TopLine="99"/>
      </Position7>
      <Position8>
        <Filename Value="unit1.pas"/>
        <Caret Line="99" Column="24" TopLine="88"/>
      </Position8>
      <Position9>
        <Filename Value="unit1.pas"/>
        <Caret Line="110" Column="4" TopLine="99"/>
      </Position9>
      <Position10>
        <Filename Value="unit1.pas"/>
        <Caret Line="102" Column="1" TopLine="90"/>
      </Position10>
      <Position11>
        <Filename Value="unit1.pas"/>
        <Caret Line="116" Column="41" TopLine="100"/>
      </Position11>
      <Position12>
        <Filename Value="unit1.pas"/>
        <Caret Line="118" Column="41" TopLine="102"/>
      </Position12>
      <Position13>
        <Filename Value="unit1.pas"/>
        <Caret Line="109" Column="26" TopLine="91"/>
      </Position13>
      <Position14>
        <Filename Value="unit1.pas"/>
        <Caret Line="1" Column="1" TopLine="1"/>
      </Position14>
      <Position15>
        <Filename Value="unit1.pas"/>
        <Caret Line="62" Column="35" TopLine="31"/>
      </Position15>
      <Position16>
        <Filename Value="unit1.pas"/>
        <Caret Line="122" Column="10" TopLine="121"/>
      </Position16>
      <Position17>
        <Filename Value="unit1.pas"/>
        <Caret Line="120" Column="21" TopLine="115"/>
      </Position17>
      <Position18>
        <Filename Value="unit1.pas"/>
        <Caret Line="138" Column="49" TopLine="132"/>
      </Position18>
      <Position19>
        <Filename Value="unit1.pas"/>
        <Caret Line="181" Column="3" TopLine="164"/>
      </Position19>
      <Position20>
        <Filename Value="unit1.pas"/>
        <Caret Line="182" Column="3" TopLine="165"/>
      </Position20>
      <Position21>
        <Filename Value="unit1.pas"/>
        <Caret Line="183" Column="3" TopLine="166"/>
      </Position21>
      <Position22>
        <Filename Value="unit1.pas"/>
        <Caret Line="184" Column="3" TopLine="167"/>
      </Position22>
      <Position23>
        <Filename Value="unit1.pas"/>
        <Caret Line="185" Column="3" TopLine="168"/>
      </Position23>
      <Position24>
        <Filename Value="unit1.pas"/>
        <Caret Line="184" Column="3" TopLine="167"/>
      </Position24>
      <Position25>
        <Filename Value="unit1.pas"/>
        <Caret Line="185" Column="3" TopLine="168"/>
      </Position25>
      <Position26>
        <Filename Value="unit1.pas"/>
        <Caret Line="192" Column="3" TopLine="170"/>
      </Position26>
      <Position27>
        <Filename Value="unit1.pas"/>
        <Caret Line="183" Column="56" TopLine="175"/>
      </Position27>
      <Position28>
        <Filename Value="unit1.pas"/>
        <Caret Line="184" Column="56" TopLine="176"/>
      </Position28>
      <Position29>
        <Filename Value="unit1.pas"/>
        <Caret Line="191" Column="56" TopLine="183"/>
      </Position29>
      <Position30>
        <Filename Value="unit1.pas"/>
        <Caret Line="167" Column="31" TopLine="159"/>
      </Position30>
    </JumpHistory>
  </ProjectOptions>
  <CompilerOptions>
    <Version Value="11"/>
    <PathDelim Value="\"/>
    <Target>
      <Filename Value="MD2_MODELDEF"/>
    </Target>
    <SearchPaths>
      <IncludeFiles Value="$(ProjOutDir)"/>
      <UnitOutputDirectory Value="lib\$(TargetCPU)-$(TargetOS)"/>
    </SearchPaths>
    <CodeGeneration>
      <Optimizations>
        <OptimizationLevel Value="3"/>
      </Optimizations>
    </CodeGeneration>
    <Linking>
      <Debugging>
        <GenerateDebugInfo Value="False"/>
      </Debugging>
      <Options>
        <Win32>
          <GraphicApplication Value="True"/>
        </Win32>
      </Options>
    </Linking>
    <Other>
      <CompilerPath Value="$(CompPath)"/>
    </Other>
  </CompilerOptions>
  <Debugging>
    <Exceptions Count="3">
      <Item1>
        <Name Value="EAbort"/>
      </Item1>
      <Item2>
        <Name Value="ECodetoolError"/>
      </Item2>
      <Item3>
        <Name Value="EFOpenError"/>
      </Item3>
    </Exceptions>
  </Debugging>
</CONFIG>
